<?xml version="1.0" encoding="utf-8"?>
<Project ToolsVersion="4.0" xmlns="http://schemas.microsoft.com/developer/msbuild/2003">
  <ItemGroup>
    <Filter Include="源文件">
      <UniqueIdentifier>{4FC737F1-C7A5-4376-A066-2A32D752A2FF}</UniqueIdentifier>
      <Extensions>cpp;c;cc;cxx;def;odl;idl;hpj;bat;asm;asmx</Extensions>
    </Filter>
    <Filter Include="头文件">
      <UniqueIdentifier>{93995380-89BD-4b04-88EB-625FBE52EBFB}</UniqueIdentifier>
      <Extensions>h;hpp;hxx;hm;inl;inc;xsd</Extensions>
    </Filter>
    <Filter Include="资源文件">
      <UniqueIdentifier>{67DA6AB6-F800-4c08-8B7A-83BB121AAD01}</UniqueIdentifier>
      <Extensions>rc;ico;cur;bmp;dlg;rc2;rct;bin;rgs;gif;jpg;jpeg;jpe;resx;tiff;tif;png;wav;mfcribbon-ms</Extensions>
    </Filter>
    <Filter Include="Device">
      <UniqueIdentifier>{7f0157d0-fdd9-4c79-8793-5c04d5f9cc65}</UniqueIdentifier>
    </Filter>
    <Filter Include="Utils">
      <UniqueIdentifier>{569da74b-9b1b-4abc-a480-4d67301c11ea}</UniqueIdentifier>
    </Filter>
    <Filter Include="Utils\MD5">
      <UniqueIdentifier>{ca4f192e-5a41-42e8-8bff-6f93fc511253}</UniqueIdentifier>
    </Filter>
  </ItemGroup>
  <ItemGroup>
    <None Include="ReadMe.txt" />
    <None Include="res\tdm.rc2">
      <Filter>资源文件</Filter>
    </None>
    <None Include="res\tdm.ico">
      <Filter>资源文件</Filter>
    </None>
    <None Include="ClassDiagram1.cd" />
  </ItemGroup>
  <ItemGroup>
    <ClInclude Include="tdm.h">
      <Filter>头文件</Filter>
    </ClInclude>
    <ClInclude Include="tdmDlg.h">
      <Filter>头文件</Filter>
    </ClInclude>
    <ClInclude Include="stdafx.h">
      <Filter>头文件</Filter>
    </ClInclude>
    <ClInclude Include="targetver.h">
      <Filter>头文件</Filter>
    </ClInclude>
    <ClInclude Include="Resource.h">
      <Filter>头文件</Filter>
    </ClInclude>
    <ClInclude Include="Include.h">
      <Filter>头文件</Filter>
    </ClInclude>
    <ClInclude Include="Device\PCCommEngine.h">
      <Filter>Device</Filter>
    </ClInclude>
    <ClInclude Include="Device\PCEnumSerial.h">
      <Filter>Device</Filter>
    </ClInclude>
    <ClInclude Include="Device\SerialManager.h">
      <Filter>Device</Filter>
    </ClInclude>
    <ClInclude Include="Utils\CheckUtils.h">
      <Filter>Utils</Filter>
    </ClInclude>
    <ClInclude Include="Utils\CriticalSectionEx.h">
      <Filter>Utils</Filter>
    </ClInclude>
    <ClInclude Include="Utils\debug.h">
      <Filter>Utils</Filter>
    </ClInclude>
    <ClInclude Include="Utils\DequeEx.h">
      <Filter>Utils</Filter>
    </ClInclude>
    <ClInclude Include="Utils\ErrorMessage.h">
      <Filter>Utils</Filter>
    </ClInclude>
    <ClInclude Include="Utils\GlobalUtility.h">
      <Filter>Utils</Filter>
    </ClInclude>
    <ClInclude Include="Utils\macro.h">
      <Filter>Utils</Filter>
    </ClInclude>
    <ClInclude Include="Utils\ThreadEx.h">
      <Filter>Utils</Filter>
    </ClInclude>
    <ClInclude Include="Utils\utils.h">
      <Filter>Utils</Filter>
    </ClInclude>
    <ClInclude Include="Utils\utype.h">
      <Filter>Utils</Filter>
    </ClInclude>
    <ClInclude Include="Utils\MD5\MD5Checksum.h">
      <Filter>Utils\MD5</Filter>
    </ClInclude>
    <ClInclude Include="Utils\MD5\MD5ChecksumDefines.h">
      <Filter>Utils\MD5</Filter>
    </ClInclude>
    <ClInclude Include="chessBoard.h">
      <Filter>头文件</Filter>
    </ClInclude>
    <ClInclude Include="simuQueue.h">
      <Filter>头文件</Filter>
    </ClInclude>
    <ClInclude Include="ImageAnalyse.h">
      <Filter>头文件</Filter>
    </ClInclude>
  </ItemGroup>
  <ItemGroup>
    <ClCompile Include="tdm.cpp">
      <Filter>源文件</Filter>
    </ClCompile>
    <ClCompile Include="tdmDlg.cpp">
      <Filter>源文件</Filter>
    </ClCompile>
    <ClCompile Include="stdafx.cpp">
      <Filter>源文件</Filter>
    </ClCompile>
    <ClCompile Include="Device\PCCommEngine.cpp">
      <Filter>Device</Filter>
    </ClCompile>
    <ClCompile Include="Device\PCEnumSerial.cpp">
      <Filter>Device</Filter>
    </ClCompile>
    <ClCompile Include="Device\SerialManager.cpp">
      <Filter>Device</Filter>
    </ClCompile>
    <ClCompile Include="Utils\CheckUtils.cpp">
      <Filter>Utils</Filter>
    </ClCompile>
    <ClCompile Include="Utils\CriticalSectionEx.cpp">
      <Filter>Utils</Filter>
    </ClCompile>
    <ClCompile Include="Utils\debug.cpp">
      <Filter>Utils</Filter>
    </ClCompile>
    <ClCompile Include="Utils\DequeEx.cpp">
      <Filter>Utils</Filter>
    </ClCompile>
    <ClCompile Include="Utils\ErrorMessage.cpp">
      <Filter>Utils</Filter>
    </ClCompile>
    <ClCompile Include="Utils\GlobalUtility.cpp">
      <Filter>Utils</Filter>
    </ClCompile>
    <ClCompile Include="Utils\ThreadEx.cpp">
      <Filter>Utils</Filter>
    </ClCompile>
    <ClCompile Include="Utils\MD5\MD5Checksum.cpp">
      <Filter>Utils\MD5</Filter>
    </ClCompile>
    <ClCompile Include="chessBoard.cpp">
      <Filter>源文件</Filter>
    </ClCompile>
    <ClCompile Include="simuQueue.cpp">
      <Filter>源文件</Filter>
    </ClCompile>
    <ClCompile Include="ImageAnalyse.cpp">
      <Filter>源文件</Filter>
    </ClCompile>
  </ItemGroup>
  <ItemGroup>
    <ResourceCompile Include="tdm.rc">
      <Filter>资源文件</Filter>
    </ResourceCompile>
  </ItemGroup>
</Project>